# This file is automatically @generated by Cargo.
# It is not intended for manual editing.
version = 4

[[package]]
name = "ryu-js"
version = "1.0.3"
source = "registry+https://github.com/rust-lang/crates.io-index"
checksum = "04d056b875a9d2e6cb9a61d127afee9ac5999b9f87bcb32079d1318e505be714"

[[package]]
name = "suss-numeric-intrinsics"
version = "0.1.0"
dependencies = [
 "ryu-js",
]
